
Microsoft Visual Studio Solution File, Format Version 12.00
# Visual Studio 15
VisualStudioVersion = 15.0.28010.2016
MinimumVisualStudioVersion = 10.0.40219.1
Project("{8BC9CEB8-8B4A-11D0-8D11-00A0C91BC942}") = "examples", "examples\examples.vcxproj", "{C2B5111B-4E55-4C2F-92E8-A4222AB59829}"
EndProject
Global
	GlobalSection(SolutionConfigurationPlatforms) = preSolution
		Debug|x64 = Debug|x64
		Debug|x86 = Debug|x86
		Release|x64 = Release|x64
		Release|x86 = Release|x86
	EndGlobalSection
	GlobalSection(ProjectConfigurationPlatforms) = postSolution
		{C2B5111B-4E55-4C2F-92E8-A4222AB59829}.Debug|x64.ActiveCfg = Debug|x64
		{C2B5111B-4E55-4C2F-92E8-A4222AB59829}.Debug|x64.Build.0 = Debug|x64
		{C2B5111B-4E55-4C2F-92E8-A4222AB59829}.Debug|x86.ActiveCfg = Debug|Win32
		{C2B5111B-4E55-4C2F-92E8-A4222AB59829}.Debug|x86.Build.0 = Debug|Win32
		{C2B5111B-4E55-4C2F-92E8-A4222AB59829}.Release|x64.ActiveCfg = Release|x64
		{C2B5111B-4E55-4C2F-92E8-A4222AB59829}.Release|x64.Build.0 = Release|x64
		{C2B5111B-4E55-4C2F-92E8-A4222AB59829}.Release|x86.ActiveCfg = Release|Win32
		{C2B5111B-4E55-4C2F-92E8-A4222AB59829}.Release|x86.Build.0 = Release|Win32
	EndGlobalSection
	GlobalSection(SolutionProperties) = preSolution
		HideSolutionNode = FALSE
	EndGlobalSection
	GlobalSection(ExtensibilityGlobals) = postSolution
		SolutionGuid = {302D6AC5-3865-43F3-B008-7024DC4918C8}
	EndGlobalSection
EndGlobal
